
Microsoft Visual Studio Solution File, Format Version 12.00
# Visual Studio 15
VisualStudioVersion = 15.0.27428.2015
MinimumVisualStudioVersion = 10.0.40219.1
Project("{FAE04EC0-301F-11D3-BF4B-00C04F79EFBC}") = "OpenCoverToCoberturaConverter", "OpenCoverToCoberturaConverter\OpenCoverToCoberturaConverter.csproj", "{FF014C53-9021-41C9-8D3C-F952E5CEF7E1}"
EndProject
Project("{9A19103F-16F7-4668-BE54-9A1E7A4F7556}") = "OpenCoverToCoberturaConverterNetCore", "OpenCoverToCoberturaConverternetCore\OpenCoverToCoberturaConverterNetCore.csproj", "{49A3D43B-F61F-4942-B273-382F2DB2356C}"
EndProject
Global
	GlobalSection(SolutionConfigurationPlatforms) = preSolution
		Debug|Any CPU = Debug|Any CPU
		Release|Any CPU = Release|Any CPU
	EndGlobalSection
	GlobalSection(ProjectConfigurationPlatforms) = postSolution
		{FF014C53-9021-41C9-8D3C-F952E5CEF7E1}.Debug|Any CPU.ActiveCfg = Debug|Any CPU
		{FF014C53-9021-41C9-8D3C-F952E5CEF7E1}.Debug|Any CPU.Build.0 = Debug|Any CPU
		{FF014C53-9021-41C9-8D3C-F952E5CEF7E1}.Release|Any CPU.ActiveCfg = Release|Any CPU
		{FF014C53-9021-41C9-8D3C-F952E5CEF7E1}.Release|Any CPU.Build.0 = Release|Any CPU
		{49A3D43B-F61F-4942-B273-382F2DB2356C}.Debug|Any CPU.ActiveCfg = Debug|Any CPU
		{49A3D43B-F61F-4942-B273-382F2DB2356C}.Debug|Any CPU.Build.0 = Debug|Any CPU
		{49A3D43B-F61F-4942-B273-382F2DB2356C}.Release|Any CPU.ActiveCfg = Release|Any CPU
		{49A3D43B-F61F-4942-B273-382F2DB2356C}.Release|Any CPU.Build.0 = Release|Any CPU
	EndGlobalSection
	GlobalSection(SolutionProperties) = preSolution
		HideSolutionNode = FALSE
	EndGlobalSection
	GlobalSection(ExtensibilityGlobals) = postSolution
		SolutionGuid = {F054E86A-3E31-42FC-9704-142F4C85FF1F}
	EndGlobalSection
EndGlobal
